<?xml version="1.0" encoding="UTF-8"?>
<CONFIG>
  <ProjectOptions>
    <Version Value="9"/>
    <PathDelim Value="\"/>
    <General>
      <Flags>
        <MainUnitHasCreateFormStatements Value="False"/>
      </Flags>
      <SessionStorage Value="InProjectDir"/>
      <MainUnit Value="0"/>
      <Title Value="FPCUnit NGPlus Test"/>
      <UseAppBundle Value="False"/>
      <ResourceType Value="res"/>
    </General>
    <i18n>
      <EnableI18N LFM="False"/>
    </i18n>
    <VersionInfo>
      <StringTable ProductVersion=""/>
    </VersionInfo>
    <BuildModes Count="1">
      <Item1 Name="Default" Default="True"/>
    </BuildModes>
    <PublishOptions>
      <Version Value="2"/>
    </PublishOptions>
    <RunParams>
      <local>
        <FormatVersion Value="1"/>
        <CommandLineParams Value="--all --all --progress --format=plain"/>
      </local>
    </RunParams>
    <RequiredPackages Count="2">
      <Item1>
        <PackageName Value="LCL"/>
      </Item1>
      <Item2>
        <PackageName Value="FCL"/>
      </Item2>
    </RequiredPackages>
    <Units Count="25">
      <Unit0>
        <Filename Value="fpcunit_ngplus.lpr"/>
        <IsPartOfProject Value="True"/>
      </Unit0>
      <Unit1>
        <Filename Value="..\src\system.hash.pas"/>
        <IsPartOfProject Value="True"/>
      </Unit1>
      <Unit2>
        <Filename Value="..\src\system.helpers.pas"/>
        <IsPartOfProject Value="True"/>
        <UnitName Value="System.Helpers"/>
      </Unit2>
      <Unit3>
        <Filename Value="..\src\system.helpers.strings.pas"/>
        <IsPartOfProject Value="True"/>
        <UnitName Value="System.Helpers.Strings"/>
      </Unit3>
      <Unit4>
        <Filename Value="..\src\ngplus.inc"/>
        <IsPartOfProject Value="True"/>
      </Unit4>
      <Unit5>
        <Filename Value="..\src\system.hash.helpers.pas"/>
        <IsPartOfProject Value="True"/>
        <UnitName Value="System.Hash.Helpers"/>
      </Unit5>
      <Unit6>
        <Filename Value="src\test.system.hash.thash.pas"/>
        <IsPartOfProject Value="True"/>
      </Unit6>
      <Unit7>
        <Filename Value="src\test.system.hash.thashbobjenkins.pas"/>
        <IsPartOfProject Value="True"/>
      </Unit7>
      <Unit8>
        <Filename Value="src\test.system.hash.thashmd5.pas"/>
        <IsPartOfProject Value="True"/>
      </Unit8>
      <Unit9>
        <Filename Value="src\test.system.hash.thashsha1.pas"/>
        <IsPartOfProject Value="True"/>
      </Unit9>
      <Unit10>
        <Filename Value="src\test.system.hash.thashsha2_224.pas"/>
        <IsPartOfProject Value="True"/>
      </Unit10>
      <Unit11>
        <Filename Value="src\test.system.hash.thashsha2_256.pas"/>
        <IsPartOfProject Value="True"/>
      </Unit11>
      <Unit12>
        <Filename Value="src\test.system.hash.thashsha2_384.pas"/>
        <IsPartOfProject Value="True"/>
      </Unit12>
      <Unit13>
        <Filename Value="src\test.system.hash.thashsha2_512.pas"/>
        <IsPartOfProject Value="True"/>
      </Unit13>
      <Unit14>
        <Filename Value="src\test.system.hash.thashsha2_512_224.pas"/>
        <IsPartOfProject Value="True"/>
      </Unit14>
      <Unit15>
        <Filename Value="src\test.system.hash.thashsha2_512_256.pas"/>
        <IsPartOfProject Value="True"/>
      </Unit15>
      <Unit16>
        <Filename Value="src\test.system.helpers.tguidhelper.pas"/>
        <IsPartOfProject Value="True"/>
        <UnitName Value="Test.System.Helpers.TGuidHelper"/>
      </Unit16>
      <Unit17>
        <Filename Value="src\test.system.helpers.shortstringhelper.pas"/>
        <IsPartOfProject Value="True"/>
        <UnitName Value="Test.System.Helpers.ShortStringHelper"/>
      </Unit17>
      <Unit18>
        <Filename Value="src\test.system.helpers.ansistringhelper.pas"/>
        <IsPartOfProject Value="True"/>
        <UnitName Value="Test.System.Helpers.AnsiStringHelper"/>
      </Unit18>
      <Unit19>
        <Filename Value="src\test.system.helpers.rawbytestringhelper.pas"/>
        <IsPartOfProject Value="True"/>
        <UnitName Value="Test.System.Helpers.RawByteStringHelper"/>
      </Unit19>
      <Unit20>
        <Filename Value="src\test.system.helpers.utf8stringhelper.pas"/>
        <IsPartOfProject Value="True"/>
        <UnitName Value="Test.System.Helpers.UTF8StringHelper"/>
      </Unit20>
      <Unit21>
        <Filename Value="src\test.system.helpers.widestringhelper.pas"/>
        <IsPartOfProject Value="True"/>
        <UnitName Value="Test.System.Helpers.WideStringHelper"/>
      </Unit21>
      <Unit22>
        <Filename Value="src\test.system.helpers.unicodestringhelper.pas"/>
        <IsPartOfProject Value="True"/>
        <UnitName Value="Test.System.Helpers.UnicodeStringHelper"/>
      </Unit22>
      <Unit23>
        <Filename Value="..\src\delphi.inc"/>
        <IsPartOfProject Value="True"/>
      </Unit23>
      <Unit24>
        <Filename Value="..\src\system.helpers.tstringhelper.inc"/>
        <IsPartOfProject Value="True"/>
      </Unit24>
    </Units>
  </ProjectOptions>
  <CompilerOptions>
    <Version Value="11"/>
    <PathDelim Value="\"/>
    <SearchPaths>
      <IncludeFiles Value="$(ProjOutDir);..\src"/>
      <OtherUnitFiles Value="..\src;src"/>
      <UnitOutputDirectory Value="lib\Debug\$(TargetCPU)-$(TargetOS)"/>
    </SearchPaths>
    <Parsing>
      <SyntaxOptions>
        <SyntaxMode Value="Delphi"/>
        <IncludeAssertionCode Value="True"/>
      </SyntaxOptions>
    </Parsing>
    <CodeGeneration>
      <Checks>
        <RangeChecks Value="True"/>
        <OverflowChecks Value="True"/>
        <StackChecks Value="True"/>
      </Checks>
    </CodeGeneration>
    <Linking>
      <Debugging>
        <UseHeaptrc Value="True"/>
      </Debugging>
    </Linking>
    <Other>
      <CustomOptions Value="-dCONSOLETEST
-d_TEST"/>
      <OtherDefines Count="6">
        <Define0 Value="CONSOLETEST"/>
        <Define1 Value="WITH_UNICODE"/>
        <Define2 Value="CLOSER_TO_DELPHI"/>
        <Define3 Value="WITH_OPENSSL"/>
        <Define4 Value="WITHOUT_WINAPI"/>
        <Define5 Value="_TEST"/>
      </OtherDefines>
    </Other>
  </CompilerOptions>
  <Debugging>
    <Exceptions Count="4" IgnoreAll="True">
      <Item1>
        <Name Value="EAbort"/>
      </Item1>
      <Item2>
        <Name Value="ECodetoolError"/>
      </Item2>
      <Item3>
        <Name Value="EFOpenError"/>
      </Item3>
      <Item4>
        <Name Value="RunError(201)"/>
      </Item4>
    </Exceptions>
  </Debugging>
</CONFIG>
